
Microsoft Visual Studio Solution File, Format Version 12.00
# Visual Studio 15
VisualStudioVersion = 15.0.28010.2003
MinimumVisualStudioVersion = 10.0.40219.1
Project("{FAE04EC0-301F-11D3-BF4B-00C04F79EFBC}") = "HistoireDeFamille.Android", "HistoireDeFamille\HistoireDeFamille.Android\HistoireDeFamille.Android.csproj", "{24CE3C36-16B9-426D-AA0C-5961ECF8D88C}"
EndProject
Project("{FAE04EC0-301F-11D3-BF4B-00C04F79EFBC}") = "HistoireDeFamille", "HistoireDeFamille\HistoireDeFamille\HistoireDeFamille.csproj", "{EBD2A426-A72A-41F2-AEDC-AE132281A8A7}"
EndProject
Global
	GlobalSection(SolutionConfigurationPlatforms) = preSolution
		Debug|Any CPU = Debug|Any CPU
		Release|Any CPU = Release|Any CPU
	EndGlobalSection
	GlobalSection(ProjectConfigurationPlatforms) = postSolution
		{24CE3C36-16B9-426D-AA0C-5961ECF8D88C}.Debug|Any CPU.ActiveCfg = Debug|Any CPU
		{24CE3C36-16B9-426D-AA0C-5961ECF8D88C}.Debug|Any CPU.Build.0 = Debug|Any CPU
		{24CE3C36-16B9-426D-AA0C-5961ECF8D88C}.Debug|Any CPU.Deploy.0 = Debug|Any CPU
		{24CE3C36-16B9-426D-AA0C-5961ECF8D88C}.Release|Any CPU.ActiveCfg = Release|Any CPU
		{24CE3C36-16B9-426D-AA0C-5961ECF8D88C}.Release|Any CPU.Build.0 = Release|Any CPU
		{24CE3C36-16B9-426D-AA0C-5961ECF8D88C}.Release|Any CPU.Deploy.0 = Release|Any CPU
		{EBD2A426-A72A-41F2-AEDC-AE132281A8A7}.Debug|Any CPU.ActiveCfg = Debug|Any CPU
		{EBD2A426-A72A-41F2-AEDC-AE132281A8A7}.Debug|Any CPU.Build.0 = Debug|Any CPU
		{EBD2A426-A72A-41F2-AEDC-AE132281A8A7}.Debug|Any CPU.Deploy.0 = Debug|Any CPU
		{EBD2A426-A72A-41F2-AEDC-AE132281A8A7}.Release|Any CPU.ActiveCfg = Release|Any CPU
		{EBD2A426-A72A-41F2-AEDC-AE132281A8A7}.Release|Any CPU.Build.0 = Release|Any CPU
		{EBD2A426-A72A-41F2-AEDC-AE132281A8A7}.Release|Any CPU.Deploy.0 = Release|Any CPU
	EndGlobalSection
	GlobalSection(SolutionProperties) = preSolution
		HideSolutionNode = FALSE
	EndGlobalSection
	GlobalSection(ExtensibilityGlobals) = postSolution
		SolutionGuid = {E7F07D95-F18E-4820-A733-BFB3F7D2A65D}
	EndGlobalSection
EndGlobal
